// !$*UTF8*$!
{
	archiveVersion = 1;
	classes = {
	};
	objectVersion = 46;
	objects = {

/* Begin PBXBuildFile section */
		F20497121C48496200BF8F3D /* AppDelegate.swift in Sources */ = {isa = PBXBuildFile; fileRef = F20497111C48496200BF8F3D /* AppDelegate.swift */; };
		F20497171C48496200BF8F3D /* Main.storyboard in Resources */ = {isa = PBXBuildFile; fileRef = F20497151C48496200BF8F3D /* Main.storyboard */; };
		F20497191C48496200BF8F3D /* Assets.xcassets in Resources */ = {isa = PBXBuildFile; fileRef = F20497181C48496200BF8F3D /* Assets.xcassets */; };
		F204971C1C48496200BF8F3D /* LaunchScreen.storyboard in Resources */ = {isa = PBXBuildFile; fileRef = F204971A1C48496200BF8F3D /* LaunchScreen.storyboard */; };
		F20497271C48496200BF8F3D /* BulletinTests.swift in Sources */ = {isa = PBXBuildFile; fileRef = F20497261C48496200BF8F3D /* BulletinTests.swift */; };
		F20497321C48496300BF8F3D /* BulletinUITests.swift in Sources */ = {isa = PBXBuildFile; fileRef = F20497311C48496300BF8F3D /* BulletinUITests.swift */; };
		F218AD2E1C4A2F8F0038D80D /* Crashlytics.framework in Frameworks */ = {isa = PBXBuildFile; fileRef = F218AD2C1C4A2F8F0038D80D /* Crashlytics.framework */; };
		F218AD2F1C4A2F8F0038D80D /* Fabric.framework in Frameworks */ = {isa = PBXBuildFile; fileRef = F218AD2D1C4A2F8F0038D80D /* Fabric.framework */; };
		F218AD321C4A30340038D80D /* LandingViewController.swift in Sources */ = {isa = PBXBuildFile; fileRef = F218AD311C4A30340038D80D /* LandingViewController.swift */; };
		F218AD351C4A31560038D80D /* SlideMenuController.swift in Sources */ = {isa = PBXBuildFile; fileRef = F218AD341C4A31560038D80D /* SlideMenuController.swift */; };
		F218AD371C4A338D0038D80D /* MenuListViewController.swift in Sources */ = {isa = PBXBuildFile; fileRef = F218AD361C4A338D0038D80D /* MenuListViewController.swift */; };
		F218AD3A1C4A7A9F0038D80D /* UIColor+Bulletin.swift in Sources */ = {isa = PBXBuildFile; fileRef = F218AD391C4A7A9F0038D80D /* UIColor+Bulletin.swift */; };
		F235A17D1C95940A002A7522 /* SplashScreenViewController.swift in Sources */ = {isa = PBXBuildFile; fileRef = F235A17C1C95940A002A7522 /* SplashScreenViewController.swift */; };
		F2AC7F991C9548CB005FA79F /* Alamofire.swift in Sources */ = {isa = PBXBuildFile; fileRef = F2AC7F861C9548CB005FA79F /* Alamofire.swift */; };
		F2AC7F9A1C9548CB005FA79F /* Download.swift in Sources */ = {isa = PBXBuildFile; fileRef = F2AC7F871C9548CB005FA79F /* Download.swift */; };
		F2AC7F9B1C9548CB005FA79F /* Error.swift in Sources */ = {isa = PBXBuildFile; fileRef = F2AC7F881C9548CB005FA79F /* Error.swift */; };
		F2AC7F9C1C9548CB005FA79F /* Info-tvOS.plist in Resources */ = {isa = PBXBuildFile; fileRef = F2AC7F891C9548CB005FA79F /* Info-tvOS.plist */; };
		F2AC7F9D1C9548CB005FA79F /* Info.plist in Resources */ = {isa = PBXBuildFile; fileRef = F2AC7F8A1C9548CB005FA79F /* Info.plist */; };
		F2AC7F9E1C9548CB005FA79F /* Manager.swift in Sources */ = {isa = PBXBuildFile; fileRef = F2AC7F8B1C9548CB005FA79F /* Manager.swift */; };
		F2AC7F9F1C9548CB005FA79F /* MultipartFormData.swift in Sources */ = {isa = PBXBuildFile; fileRef = F2AC7F8C1C9548CB005FA79F /* MultipartFormData.swift */; };
		F2AC7FA01C9548CB005FA79F /* NetworkReachabilityManager.swift in Sources */ = {isa = PBXBuildFile; fileRef = F2AC7F8D1C9548CB005FA79F /* NetworkReachabilityManager.swift */; };
		F2AC7FA11C9548CB005FA79F /* Notifications.swift in Sources */ = {isa = PBXBuildFile; fileRef = F2AC7F8E1C9548CB005FA79F /* Notifications.swift */; };
		F2AC7FA21C9548CB005FA79F /* ParameterEncoding.swift in Sources */ = {isa = PBXBuildFile; fileRef = F2AC7F8F1C9548CB005FA79F /* ParameterEncoding.swift */; };
		F2AC7FA31C9548CB005FA79F /* Request.swift in Sources */ = {isa = PBXBuildFile; fileRef = F2AC7F901C9548CB005FA79F /* Request.swift */; };
		F2AC7FA41C9548CB005FA79F /* Response.swift in Sources */ = {isa = PBXBuildFile; fileRef = F2AC7F911C9548CB005FA79F /* Response.swift */; };
		F2AC7FA51C9548CB005FA79F /* ResponseSerialization.swift in Sources */ = {isa = PBXBuildFile; fileRef = F2AC7F921C9548CB005FA79F /* ResponseSerialization.swift */; };
		F2AC7FA61C9548CB005FA79F /* Result.swift in Sources */ = {isa = PBXBuildFile; fileRef = F2AC7F931C9548CB005FA79F /* Result.swift */; };
		F2AC7FA71C9548CB005FA79F /* ServerTrustPolicy.swift in Sources */ = {isa = PBXBuildFile; fileRef = F2AC7F941C9548CB005FA79F /* ServerTrustPolicy.swift */; };
		F2AC7FA81C9548CB005FA79F /* Stream.swift in Sources */ = {isa = PBXBuildFile; fileRef = F2AC7F951C9548CB005FA79F /* Stream.swift */; };
		F2AC7FA91C9548CB005FA79F /* Timeline.swift in Sources */ = {isa = PBXBuildFile; fileRef = F2AC7F961C9548CB005FA79F /* Timeline.swift */; };
		F2AC7FAA1C9548CB005FA79F /* Upload.swift in Sources */ = {isa = PBXBuildFile; fileRef = F2AC7F971C9548CB005FA79F /* Upload.swift */; };
		F2AC7FAB1C9548CB005FA79F /* Validation.swift in Sources */ = {isa = PBXBuildFile; fileRef = F2AC7F981C9548CB005FA79F /* Validation.swift */; };
		F2AC7FAD1C9548ED005FA79F /* APIServiceManager.swift in Sources */ = {isa = PBXBuildFile; fileRef = F2AC7FAC1C9548ED005FA79F /* APIServiceManager.swift */; };
		F2AC7FAF1C954A67005FA79F /* APIServiceHandler.swift in Sources */ = {isa = PBXBuildFile; fileRef = F2AC7FAE1C954A67005FA79F /* APIServiceHandler.swift */; };
		F2B586DE1C4C5B4A004FAFA4 /* SettingsTableViewController.swift in Sources */ = {isa = PBXBuildFile; fileRef = F2B586DD1C4C5B4A004FAFA4 /* SettingsTableViewController.swift */; };
		F2E28A4A1C4BB27E00D8C976 /* NewsMenu.swift in Sources */ = {isa = PBXBuildFile; fileRef = F2E28A491C4BB27E00D8C976 /* NewsMenu.swift */; };
		F2E28A4C1C4BB29300D8C976 /* SwiftHEXColors.swift in Sources */ = {isa = PBXBuildFile; fileRef = F2E28A4B1C4BB29300D8C976 /* SwiftHEXColors.swift */; };
		F2E28A4F1C4BB2DD00D8C976 /* menu_details.json in Resources */ = {isa = PBXBuildFile; fileRef = F2E28A4E1C4BB2DD00D8C976 /* menu_details.json */; };
		F2E28A521C4BB78900D8C976 /* MenuCategoryTableViewCell.swift in Sources */ = {isa = PBXBuildFile; fileRef = F2E28A511C4BB78900D8C976 /* MenuCategoryTableViewCell.swift */; };
		F2E28A541C4BBB7800D8C976 /* MenuSubCategoryTableViewCell.swift in Sources */ = {isa = PBXBuildFile; fileRef = F2E28A531C4BBB7800D8C976 /* MenuSubCategoryTableViewCell.swift */; };
		F2E890711C95D9CC0034C488 /* GlobalStrings.swift in Sources */ = {isa = PBXBuildFile; fileRef = F2E890701C95D9CC0034C488 /* GlobalStrings.swift */; };
/* End PBXBuildFile section */

/* Begin PBXContainerItemProxy section */
		F20497231C48496200BF8F3D /* PBXContainerItemProxy */ = {
			isa = PBXContainerItemProxy;
			containerPortal = F20497061C48496200BF8F3D /* Project object */;
			proxyType = 1;
			remoteGlobalIDString = F204970D1C48496200BF8F3D;
			remoteInfo = Bulletin;
		};
		F204972E1C48496200BF8F3D /* PBXContainerItemProxy */ = {
			isa = PBXContainerItemProxy;
			containerPortal = F20497061C48496200BF8F3D /* Project object */;
			proxyType = 1;
			remoteGlobalIDString = F204970D1C48496200BF8F3D;
			remoteInfo = Bulletin;
		};
/* End PBXContainerItemProxy section */

/* Begin PBXFileReference section */
		F204970E1C48496200BF8F3D /* Bulletin.app */ = {isa = PBXFileReference; explicitFileType = wrapper.application; includeInIndex = 0; path = Bulletin.app; sourceTree = BUILT_PRODUCTS_DIR; };
		F20497111C48496200BF8F3D /* AppDelegate.swift */ = {isa = PBXFileReference; lastKnownFileType = sourcecode.swift; path = AppDelegate.swift; sourceTree = "<group>"; };
		F20497161C48496200BF8F3D /* Base */ = {isa = PBXFileReference; lastKnownFileType = file.storyboard; name = Base; path = Base.lproj/Main.storyboard; sourceTree = "<group>"; };
		F20497181C48496200BF8F3D /* Assets.xcassets */ = {isa = PBXFileReference; lastKnownFileType = folder.assetcatalog; path = Assets.xcassets; sourceTree = "<group>"; };
		F204971B1C48496200BF8F3D /* Base */ = {isa = PBXFileReference; lastKnownFileType = file.storyboard; name = Base; path = Base.lproj/LaunchScreen.storyboard; sourceTree = "<group>"; };
		F204971D1C48496200BF8F3D /* Info.plist */ = {isa = PBXFileReference; lastKnownFileType = text.plist.xml; path = Info.plist; sourceTree = "<group>"; };
		F20497221C48496200BF8F3D /* BulletinTests.xctest */ = {isa = PBXFileReference; explicitFileType = wrapper.cfbundle; includeInIndex = 0; path = BulletinTests.xctest; sourceTree = BUILT_PRODUCTS_DIR; };
		F20497261C48496200BF8F3D /* BulletinTests.swift */ = {isa = PBXFileReference; lastKnownFileType = sourcecode.swift; path = BulletinTests.swift; sourceTree = "<group>"; };
		F20497281C48496200BF8F3D /* Info.plist */ = {isa = PBXFileReference; lastKnownFileType = text.plist.xml; path = Info.plist; sourceTree = "<group>"; };
		F204972D1C48496200BF8F3D /* BulletinUITests.xctest */ = {isa = PBXFileReference; explicitFileType = wrapper.cfbundle; includeInIndex = 0; path = BulletinUITests.xctest; sourceTree = BUILT_PRODUCTS_DIR; };
		F20497311C48496300BF8F3D /* BulletinUITests.swift */ = {isa = PBXFileReference; lastKnownFileType = sourcecode.swift; path = BulletinUITests.swift; sourceTree = "<group>"; };
		F20497331C48496300BF8F3D /* Info.plist */ = {isa = PBXFileReference; lastKnownFileType = text.plist.xml; path = Info.plist; sourceTree = "<group>"; };
		F218AD2C1C4A2F8F0038D80D /* Crashlytics.framework */ = {isa = PBXFileReference; lastKnownFileType = wrapper.framework; path = Crashlytics.framework; sourceTree = SOURCE_ROOT; };
		F218AD2D1C4A2F8F0038D80D /* Fabric.framework */ = {isa = PBXFileReference; lastKnownFileType = wrapper.framework; path = Fabric.framework; sourceTree = SOURCE_ROOT; };
		F218AD311C4A30340038D80D /* LandingViewController.swift */ = {isa = PBXFileReference; fileEncoding = 4; lastKnownFileType = sourcecode.swift; name = LandingViewController.swift; path = ViewControllers/LandingViewController.swift; sourceTree = "<group>"; };
		F218AD341C4A31560038D80D /* SlideMenuController.swift */ = {isa = PBXFileReference; fileEncoding = 4; lastKnownFileType = sourcecode.swift; name = SlideMenuController.swift; path = Libraries/SlideMenuController.swift; sourceTree = "<group>"; };
		F218AD361C4A338D0038D80D /* MenuListViewController.swift */ = {isa = PBXFileReference; fileEncoding = 4; lastKnownFileType = sourcecode.swift; name = MenuListViewController.swift; path = ViewControllers/MenuListViewController.swift; sourceTree = "<group>"; };
		F218AD391C4A7A9F0038D80D /* UIColor+Bulletin.swift */ = {isa = PBXFileReference; fileEncoding = 4; lastKnownFileType = sourcecode.swift; name = "UIColor+Bulletin.swift"; path = "Extension/UIColor+Bulletin.swift"; sourceTree = "<group>"; };
		F235A17C1C95940A002A7522 /* SplashScreenViewController.swift */ = {isa = PBXFileReference; fileEncoding = 4; lastKnownFileType = sourcecode.swift; name = SplashScreenViewController.swift; path = ViewControllers/SplashScreenViewController.swift; sourceTree = "<group>"; };
		F2AC7F851C9548CB005FA79F /* Alamofire.h */ = {isa = PBXFileReference; fileEncoding = 4; lastKnownFileType = sourcecode.c.h; path = Alamofire.h; sourceTree = "<group>"; };
		F2AC7F861C9548CB005FA79F /* Alamofire.swift */ = {isa = PBXFileReference; fileEncoding = 4; lastKnownFileType = sourcecode.swift; path = Alamofire.swift; sourceTree = "<group>"; };
		F2AC7F871C9548CB005FA79F /* Download.swift */ = {isa = PBXFileReference; fileEncoding = 4; lastKnownFileType = sourcecode.swift; path = Download.swift; sourceTree = "<group>"; };
		F2AC7F881C9548CB005FA79F /* Error.swift */ = {isa = PBXFileReference; fileEncoding = 4; lastKnownFileType = sourcecode.swift; path = Error.swift; sourceTree = "<group>"; };
		F2AC7F891C9548CB005FA79F /* Info-tvOS.plist */ = {isa = PBXFileReference; fileEncoding = 4; lastKnownFileType = text.plist.xml; path = "Info-tvOS.plist"; sourceTree = "<group>"; };
		F2AC7F8A1C9548CB005FA79F /* Info.plist */ = {isa = PBXFileReference; fileEncoding = 4; lastKnownFileType = text.plist.xml; path = Info.plist; sourceTree = "<group>"; };
		F2AC7F8B1C9548CB005FA79F /* Manager.swift */ = {isa = PBXFileReference; fileEncoding = 4; lastKnownFileType = sourcecode.swift; path = Manager.swift; sourceTree = "<group>"; };
		F2AC7F8C1C9548CB005FA79F /* MultipartFormData.swift */ = {isa = PBXFileReference; fileEncoding = 4; lastKnownFileType = sourcecode.swift; path = MultipartFormData.swift; sourceTree = "<group>"; };
		F2AC7F8D1C9548CB005FA79F /* NetworkReachabilityManager.swift */ = {isa = PBXFileReference; fileEncoding = 4; lastKnownFileType = sourcecode.swift; path = NetworkReachabilityManager.swift; sourceTree = "<group>"; };
		F2AC7F8E1C9548CB005FA79F /* Notifications.swift */ = {isa = PBXFileReference; fileEncoding = 4; lastKnownFileType = sourcecode.swift; path = Notifications.swift; sourceTree = "<group>"; };
		F2AC7F8F1C9548CB005FA79F /* ParameterEncoding.swift */ = {isa = PBXFileReference; fileEncoding = 4; lastKnownFileType = sourcecode.swift; path = ParameterEncoding.swift; sourceTree = "<group>"; };
		F2AC7F901C9548CB005FA79F /* Request.swift */ = {isa = PBXFileReference; fileEncoding = 4; lastKnownFileType = sourcecode.swift; path = Request.swift; sourceTree = "<group>"; };
		F2AC7F911C9548CB005FA79F /* Response.swift */ = {isa = PBXFileReference; fileEncoding = 4; lastKnownFileType = sourcecode.swift; path = Response.swift; sourceTree = "<group>"; };
		F2AC7F921C9548CB005FA79F /* ResponseSerialization.swift */ = {isa = PBXFileReference; fileEncoding = 4; lastKnownFileType = sourcecode.swift; path = ResponseSerialization.swift; sourceTree = "<group>"; };
		F2AC7F931C9548CB005FA79F /* Result.swift */ = {isa = PBXFileReference; fileEncoding = 4; lastKnownFileType = sourcecode.swift; path = Result.swift; sourceTree = "<group>"; };
		F2AC7F941C9548CB005FA79F /* ServerTrustPolicy.swift */ = {isa = PBXFileReference; fileEncoding = 4; lastKnownFileType = sourcecode.swift; path = ServerTrustPolicy.swift; sourceTree = "<group>"; };
		F2AC7F951C9548CB005FA79F /* Stream.swift */ = {isa = PBXFileReference; fileEncoding = 4; lastKnownFileType = sourcecode.swift; path = Stream.swift; sourceTree = "<group>"; };
		F2AC7F961C9548CB005FA79F /* Timeline.swift */ = {isa = PBXFileReference; fileEncoding = 4; lastKnownFileType = sourcecode.swift; path = Timeline.swift; sourceTree = "<group>"; };
		F2AC7F971C9548CB005FA79F /* Upload.swift */ = {isa = PBXFileReference; fileEncoding = 4; lastKnownFileType = sourcecode.swift; path = Upload.swift; sourceTree = "<group>"; };
		F2AC7F981C9548CB005FA79F /* Validation.swift */ = {isa = PBXFileReference; fileEncoding = 4; lastKnownFileType = sourcecode.swift; path = Validation.swift; sourceTree = "<group>"; };
		F2AC7FAC1C9548ED005FA79F /* APIServiceManager.swift */ = {isa = PBXFileReference; fileEncoding = 4; lastKnownFileType = sourcecode.swift; path = APIServiceManager.swift; sourceTree = "<group>"; };
		F2AC7FAE1C954A67005FA79F /* APIServiceHandler.swift */ = {isa = PBXFileReference; fileEncoding = 4; lastKnownFileType = sourcecode.swift; name = APIServiceHandler.swift; path = Models/APIServiceHandler.swift; sourceTree = "<group>"; };
		F2B586DD1C4C5B4A004FAFA4 /* SettingsTableViewController.swift */ = {isa = PBXFileReference; fileEncoding = 4; lastKnownFileType = sourcecode.swift; name = SettingsTableViewController.swift; path = ViewControllers/SettingsTableViewController.swift; sourceTree = "<group>"; };
		F2E28A491C4BB27E00D8C976 /* NewsMenu.swift */ = {isa = PBXFileReference; fileEncoding = 4; lastKnownFileType = sourcecode.swift; name = NewsMenu.swift; path = Models/NewsMenu.swift; sourceTree = "<group>"; };
		F2E28A4B1C4BB29300D8C976 /* SwiftHEXColors.swift */ = {isa = PBXFileReference; fileEncoding = 4; lastKnownFileType = sourcecode.swift; name = SwiftHEXColors.swift; path = Libraries/SwiftHEXColors.swift; sourceTree = "<group>"; };
		F2E28A4E1C4BB2DD00D8C976 /* menu_details.json */ = {isa = PBXFileReference; fileEncoding = 4; lastKnownFileType = text.json; path = menu_details.json; sourceTree = "<group>"; };
		F2E28A511C4BB78900D8C976 /* MenuCategoryTableViewCell.swift */ = {isa = PBXFileReference; fileEncoding = 4; lastKnownFileType = sourcecode.swift; path = MenuCategoryTableViewCell.swift; sourceTree = "<group>"; };
		F2E28A531C4BBB7800D8C976 /* MenuSubCategoryTableViewCell.swift */ = {isa = PBXFileReference; fileEncoding = 4; lastKnownFileType = sourcecode.swift; path = MenuSubCategoryTableViewCell.swift; sourceTree = "<group>"; };
		F2E890701C95D9CC0034C488 /* GlobalStrings.swift */ = {isa = PBXFileReference; fileEncoding = 4; lastKnownFileType = sourcecode.swift; name = GlobalStrings.swift; path = Models/GlobalStrings.swift; sourceTree = "<group>"; };
/* End PBXFileReference section */

/* Begin PBXFrameworksBuildPhase section */
		F204970B1C48496200BF8F3D /* Frameworks */ = {
			isa = PBXFrameworksBuildPhase;
			buildActionMask = 2147483647;
			files = (
				F218AD2E1C4A2F8F0038D80D /* Crashlytics.framework in Frameworks */,
				F218AD2F1C4A2F8F0038D80D /* Fabric.framework in Frameworks */,
			);
			runOnlyForDeploymentPostprocessing = 0;
		};
		F204971F1C48496200BF8F3D /* Frameworks */ = {
			isa = PBXFrameworksBuildPhase;
			buildActionMask = 2147483647;
			files = (
			);
			runOnlyForDeploymentPostprocessing = 0;
		};
		F204972A1C48496200BF8F3D /* Frameworks */ = {
			isa = PBXFrameworksBuildPhase;
			buildActionMask = 2147483647;
			files = (
			);
			runOnlyForDeploymentPostprocessing = 0;
		};
/* End PBXFrameworksBuildPhase section */

/* Begin PBXGroup section */
		F20497051C48496200BF8F3D = {
			isa = PBXGroup;
			children = (
				F20497101C48496200BF8F3D /* Bulletin */,
				F20497251C48496200BF8F3D /* BulletinTests */,
				F20497301C48496300BF8F3D /* BulletinUITests */,
				F204970F1C48496200BF8F3D /* Products */,
			);
			sourceTree = "<group>";
		};
		F204970F1C48496200BF8F3D /* Products */ = {
			isa = PBXGroup;
			children = (
				F204970E1C48496200BF8F3D /* Bulletin.app */,
				F20497221C48496200BF8F3D /* BulletinTests.xctest */,
				F204972D1C48496200BF8F3D /* BulletinUITests.xctest */,
			);
			name = Products;
			sourceTree = "<group>";
		};
		F20497101C48496200BF8F3D /* Bulletin */ = {
			isa = PBXGroup;
			children = (
				F20497111C48496200BF8F3D /* AppDelegate.swift */,
				F20497151C48496200BF8F3D /* Main.storyboard */,
				F20497181C48496200BF8F3D /* Assets.xcassets */,
				F204971A1C48496200BF8F3D /* LaunchScreen.storyboard */,
				F204971D1C48496200BF8F3D /* Info.plist */,
				F2E28A4D1C4BB29A00D8C976 /* Resources */,
				F218AD301C4A2FE30038D80D /* ViewControllers */,
				F20497401C4849C200BF8F3D /* SDK */,
				F218AD331C4A31330038D80D /* Libraries */,
				F2E28A461C4B9C4700D8C976 /* Models */,
				F2E28A501C4BB76000D8C976 /* Views */,
				F218AD381C4A7A110038D80D /* Extension */,
			);
			path = Bulletin;
			sourceTree = "<group>";
		};
		F20497251C48496200BF8F3D /* BulletinTests */ = {
			isa = PBXGroup;
			children = (
				F20497261C48496200BF8F3D /* BulletinTests.swift */,
				F20497281C48496200BF8F3D /* Info.plist */,
			);
			path = BulletinTests;
			sourceTree = "<group>";
		};
		F20497301C48496300BF8F3D /* BulletinUITests */ = {
			isa = PBXGroup;
			children = (
				F20497311C48496300BF8F3D /* BulletinUITests.swift */,
				F20497331C48496300BF8F3D /* Info.plist */,
			);
			path = BulletinUITests;
			sourceTree = "<group>";
		};
		F20497401C4849C200BF8F3D /* SDK */ = {
			isa = PBXGroup;
			children = (
				F218AD2C1C4A2F8F0038D80D /* Crashlytics.framework */,
				F218AD2D1C4A2F8F0038D80D /* Fabric.framework */,
			);
			name = SDK;
			sourceTree = "<group>";
		};
		F218AD301C4A2FE30038D80D /* ViewControllers */ = {
			isa = PBXGroup;
			children = (
				F218AD311C4A30340038D80D /* LandingViewController.swift */,
				F235A17C1C95940A002A7522 /* SplashScreenViewController.swift */,
				F2B586DD1C4C5B4A004FAFA4 /* SettingsTableViewController.swift */,
				F218AD361C4A338D0038D80D /* MenuListViewController.swift */,
			);
			name = ViewControllers;
			path = ..;
			sourceTree = "<group>";
		};
		F218AD331C4A31330038D80D /* Libraries */ = {
			isa = PBXGroup;
			children = (
				F2AC7F841C9548CB005FA79F /* Alamofire */,
				F2E28A4B1C4BB29300D8C976 /* SwiftHEXColors.swift */,
				F218AD341C4A31560038D80D /* SlideMenuController.swift */,
			);
			name = Libraries;
			path = ..;
			sourceTree = "<group>";
		};
		F218AD381C4A7A110038D80D /* Extension */ = {
			isa = PBXGroup;
			children = (
				F218AD391C4A7A9F0038D80D /* UIColor+Bulletin.swift */,
			);
			name = Extension;
			path = ..;
			sourceTree = "<group>";
		};
		F2AC7F841C9548CB005FA79F /* Alamofire */ = {
			isa = PBXGroup;
			children = (
				F2AC7F851C9548CB005FA79F /* Alamofire.h */,
				F2AC7F861C9548CB005FA79F /* Alamofire.swift */,
				F2AC7F871C9548CB005FA79F /* Download.swift */,
				F2AC7F881C9548CB005FA79F /* Error.swift */,
				F2AC7F891C9548CB005FA79F /* Info-tvOS.plist */,
				F2AC7F8A1C9548CB005FA79F /* Info.plist */,
				F2AC7F8B1C9548CB005FA79F /* Manager.swift */,
				F2AC7F8C1C9548CB005FA79F /* MultipartFormData.swift */,
				F2AC7F8D1C9548CB005FA79F /* NetworkReachabilityManager.swift */,
				F2AC7F8E1C9548CB005FA79F /* Notifications.swift */,
				F2AC7F8F1C9548CB005FA79F /* ParameterEncoding.swift */,
				F2AC7F901C9548CB005FA79F /* Request.swift */,
				F2AC7F911C9548CB005FA79F /* Response.swift */,
				F2AC7F921C9548CB005FA79F /* ResponseSerialization.swift */,
				F2AC7F931C9548CB005FA79F /* Result.swift */,
				F2AC7F941C9548CB005FA79F /* ServerTrustPolicy.swift */,
				F2AC7F951C9548CB005FA79F /* Stream.swift */,
				F2AC7F961C9548CB005FA79F /* Timeline.swift */,
				F2AC7F971C9548CB005FA79F /* Upload.swift */,
				F2AC7F981C9548CB005FA79F /* Validation.swift */,
			);
			path = Alamofire;
			sourceTree = "<group>";
		};
		F2E28A461C4B9C4700D8C976 /* Models */ = {
			isa = PBXGroup;
			children = (
				F2E28A491C4BB27E00D8C976 /* NewsMenu.swift */,
				F2AC7FAC1C9548ED005FA79F /* APIServiceManager.swift */,
				F2AC7FAE1C954A67005FA79F /* APIServiceHandler.swift */,
				F2E890701C95D9CC0034C488 /* GlobalStrings.swift */,
			);
			name = Models;
			path = ..;
			sourceTree = "<group>";
		};
		F2E28A4D1C4BB29A00D8C976 /* Resources */ = {
			isa = PBXGroup;
			children = (
				F2E28A4E1C4BB2DD00D8C976 /* menu_details.json */,
			);
			name = Resources;
			path = ..;
			sourceTree = "<group>";
		};
		F2E28A501C4BB76000D8C976 /* Views */ = {
			isa = PBXGroup;
			children = (
				F2E28A511C4BB78900D8C976 /* MenuCategoryTableViewCell.swift */,
				F2E28A531C4BBB7800D8C976 /* MenuSubCategoryTableViewCell.swift */,
			);
			name = Views;
			path = ..;
			sourceTree = "<group>";
		};
/* End PBXGroup section */

/* Begin PBXNativeTarget section */
		F204970D1C48496200BF8F3D /* Bulletin */ = {
			isa = PBXNativeTarget;
			buildConfigurationList = F20497361C48496300BF8F3D /* Build configuration list for PBXNativeTarget "Bulletin" */;
			buildPhases = (
				F204970A1C48496200BF8F3D /* Sources */,
				F204970B1C48496200BF8F3D /* Frameworks */,
				F204970C1C48496200BF8F3D /* Resources */,
				F204973F1C4849A800BF8F3D /* ShellScript */,
			);
			buildRules = (
			);
			dependencies = (
			);
			name = Bulletin;
			productName = Bulletin;
			productReference = F204970E1C48496200BF8F3D /* Bulletin.app */;
			productType = "com.apple.product-type.application";
		};
		F20497211C48496200BF8F3D /* BulletinTests */ = {
			isa = PBXNativeTarget;
			buildConfigurationList = F20497391C48496300BF8F3D /* Build configuration list for PBXNativeTarget "BulletinTests" */;
			buildPhases = (
				F204971E1C48496200BF8F3D /* Sources */,
				F204971F1C48496200BF8F3D /* Frameworks */,
				F20497201C48496200BF8F3D /* Resources */,
			);
			buildRules = (
			);
			dependencies = (
				F20497241C48496200BF8F3D /* PBXTargetDependency */,
			);
			name = BulletinTests;
			productName = BulletinTests;
			productReference = F20497221C48496200BF8F3D /* BulletinTests.xctest */;
			productType = "com.apple.product-type.bundle.unit-test";
		};
		F204972C1C48496200BF8F3D /* BulletinUITests */ = {
			isa = PBXNativeTarget;
			buildConfigurationList = F204973C1C48496300BF8F3D /* Build configuration list for PBXNativeTarget "BulletinUITests" */;
			buildPhases = (
				F20497291C48496200BF8F3D /* Sources */,
				F204972A1C48496200BF8F3D /* Frameworks */,
				F204972B1C48496200BF8F3D /* Resources */,
			);
			buildRules = (
			);
			dependencies = (
				F204972F1C48496200BF8F3D /* PBXTargetDependency */,
			);
			name = BulletinUITests;
			productName = BulletinUITests;
			productReference = F204972D1C48496200BF8F3D /* BulletinUITests.xctest */;
			productType = "com.apple.product-type.bundle.ui-testing";
		};
/* End PBXNativeTarget section */

/* Begin PBXProject section */
		F20497061C48496200BF8F3D /* Project object */ = {
			isa = PBXProject;
			attributes = {
				LastUpgradeCheck = 0700;
				ORGANIZATIONNAME = com.Mobitrapp;
				TargetAttributes = {
					F204970D1C48496200BF8F3D = {
						CreatedOnToolsVersion = 7.0.1;
					};
					F20497211C48496200BF8F3D = {
						CreatedOnToolsVersion = 7.0.1;
						TestTargetID = F204970D1C48496200BF8F3D;
					};
					F204972C1C48496200BF8F3D = {
						CreatedOnToolsVersion = 7.0.1;
						TestTargetID = F204970D1C48496200BF8F3D;
					};
				};
			};
			buildConfigurationList = F20497091C48496200BF8F3D /* Build configuration list for PBXProject "Bulletin" */;
			compatibilityVersion = "Xcode 3.2";
			developmentRegion = English;
			hasScannedForEncodings = 0;
			knownRegions = (
				en,
				Base,
			);
			mainGroup = F20497051C48496200BF8F3D;
			productRefGroup = F204970F1C48496200BF8F3D /* Products */;
			projectDirPath = "";
			projectRoot = "";
			targets = (
				F204970D1C48496200BF8F3D /* Bulletin */,
				F20497211C48496200BF8F3D /* BulletinTests */,
				F204972C1C48496200BF8F3D /* BulletinUITests */,
			);
		};
/* End PBXProject section */

/* Begin PBXResourcesBuildPhase section */
		F204970C1C48496200BF8F3D /* Resources */ = {
			isa = PBXResourcesBuildPhase;
			buildActionMask = 2147483647;
			files = (
				F2AC7F9C1C9548CB005FA79F /* Info-tvOS.plist in Resources */,
				F204971C1C48496200BF8F3D /* LaunchScreen.storyboard in Resources */,
				F2AC7F9D1C9548CB005FA79F /* Info.plist in Resources */,
				F20497191C48496200BF8F3D /* Assets.xcassets in Resources */,
				F20497171C48496200BF8F3D /* Main.storyboard in Resources */,
				F2E28A4F1C4BB2DD00D8C976 /* menu_details.json in Resources */,
			);
			runOnlyForDeploymentPostprocessing = 0;
		};
		F20497201C48496200BF8F3D /* Resources */ = {
			isa = PBXResourcesBuildPhase;
			buildActionMask = 2147483647;
			files = (
			);
			runOnlyForDeploymentPostprocessing = 0;
		};
		F204972B1C48496200BF8F3D /* Resources */ = {
			isa = PBXResourcesBuildPhase;
			buildActionMask = 2147483647;
			files = (
			);
			runOnlyForDeploymentPostprocessing = 0;
		};
/* End PBXResourcesBuildPhase section */

/* Begin PBXShellScriptBuildPhase section */
		F204973F1C4849A800BF8F3D /* ShellScript */ = {
			isa = PBXShellScriptBuildPhase;
			buildActionMask = 2147483647;
			files = (
			);
			inputPaths = (
			);
			outputPaths = (
			);
			runOnlyForDeploymentPostprocessing = 0;
			shellPath = /bin/sh;
			shellScript = "./Fabric.framework/run ce30aedf9852b1c5bfd4cb4427ed1629459cc394 9cb1d7df35618e37f1e9123a1476dc72db9150b32875fa592e6f54426b8b429b";
		};
/* End PBXShellScriptBuildPhase section */

/* Begin PBXSourcesBuildPhase section */
		F204970A1C48496200BF8F3D /* Sources */ = {
			isa = PBXSourcesBuildPhase;
			buildActionMask = 2147483647;
			files = (
				F2AC7FA21C9548CB005FA79F /* ParameterEncoding.swift in Sources */,
				F2E28A521C4BB78900D8C976 /* MenuCategoryTableViewCell.swift in Sources */,
				F218AD321C4A30340038D80D /* LandingViewController.swift in Sources */,
				F2AC7FA01C9548CB005FA79F /* NetworkReachabilityManager.swift in Sources */,
				F2AC7FAB1C9548CB005FA79F /* Validation.swift in Sources */,
				F2AC7FA41C9548CB005FA79F /* Response.swift in Sources */,
				F2E28A541C4BBB7800D8C976 /* MenuSubCategoryTableViewCell.swift in Sources */,
				F2AC7FAA1C9548CB005FA79F /* Upload.swift in Sources */,
				F235A17D1C95940A002A7522 /* SplashScreenViewController.swift in Sources */,
				F2AC7FAD1C9548ED005FA79F /* APIServiceManager.swift in Sources */,
				F2AC7F9B1C9548CB005FA79F /* Error.swift in Sources */,
				F218AD351C4A31560038D80D /* SlideMenuController.swift in Sources */,
				F2AC7FA91C9548CB005FA79F /* Timeline.swift in Sources */,
				F20497121C48496200BF8F3D /* AppDelegate.swift in Sources */,
				F2E28A4A1C4BB27E00D8C976 /* NewsMenu.swift in Sources */,
				F2AC7FA61C9548CB005FA79F /* Result.swift in Sources */,
				F2B586DE1C4C5B4A004FAFA4 /* SettingsTableViewController.swift in Sources */,
				F2AC7FA71C9548CB005FA79F /* ServerTrustPolicy.swift in Sources */,
				F218AD3A1C4A7A9F0038D80D /* UIColor+Bulletin.swift in Sources */,
				F2AC7F9F1C9548CB005FA79F /* MultipartFormData.swift in Sources */,
				F2AC7FA31C9548CB005FA79F /* Request.swift in Sources */,
				F2AC7F991C9548CB005FA79F /* Alamofire.swift in Sources */,
				F2E890711C95D9CC0034C488 /* GlobalStrings.swift in Sources */,
				F2AC7F9A1C9548CB005FA79F /* Download.swift in Sources */,
				F2AC7FA11C9548CB005FA79F /* Notifications.swift in Sources */,
				F2AC7FA81C9548CB005FA79F /* Stream.swift in Sources */,
				F2AC7F9E1C9548CB005FA79F /* Manager.swift in Sources */,
				F218AD371C4A338D0038D80D /* MenuListViewController.swift in Sources */,
				F2AC7FAF1C954A67005FA79F /* APIServiceHandler.swift in Sources */,
				F2AC7FA51C9548CB005FA79F /* ResponseSerialization.swift in Sources */,
				F2E28A4C1C4BB29300D8C976 /* SwiftHEXColors.swift in Sources */,
			);
			runOnlyForDeploymentPostprocessing = 0;
		};
		F204971E1C48496200BF8F3D /* Sources */ = {
			isa = PBXSourcesBuildPhase;
			buildActionMask = 2147483647;
			files = (
				F20497271C48496200BF8F3D /* BulletinTests.swift in Sources */,
			);
			runOnlyForDeploymentPostprocessing = 0;
		};
		F20497291C48496200BF8F3D /* Sources */ = {
			isa = PBXSourcesBuildPhase;
			buildActionMask = 2147483647;
			files = (
				F20497321C48496300BF8F3D /* BulletinUITests.swift in Sources */,
			);
			runOnlyForDeploymentPostprocessing = 0;
		};
/* End PBXSourcesBuildPhase section */

/* Begin PBXTargetDependency section */
		F20497241C48496200BF8F3D /* PBXTargetDependency */ = {
			isa = PBXTargetDependency;
			target = F204970D1C48496200BF8F3D /* Bulletin */;
			targetProxy = F20497231C48496200BF8F3D /* PBXContainerItemProxy */;
		};
		F204972F1C48496200BF8F3D /* PBXTargetDependency */ = {
			isa = PBXTargetDependency;
			target = F204970D1C48496200BF8F3D /* Bulletin */;
			targetProxy = F204972E1C48496200BF8F3D /* PBXContainerItemProxy */;
		};
/* End PBXTargetDependency section */

/* Begin PBXVariantGroup section */
		F20497151C48496200BF8F3D /* Main.storyboard */ = {
			isa = PBXVariantGroup;
			children = (
				F20497161C48496200BF8F3D /* Base */,
			);
			name = Main.storyboard;
			sourceTree = "<group>";
		};
		F204971A1C48496200BF8F3D /* LaunchScreen.storyboard */ = {
			isa = PBXVariantGroup;
			children = (
				F204971B1C48496200BF8F3D /* Base */,
			);
			name = LaunchScreen.storyboard;
			sourceTree = "<group>";
		};
/* End PBXVariantGroup section */

/* Begin XCBuildConfiguration section */
		F20497341C48496300BF8F3D /* Debug */ = {
			isa = XCBuildConfiguration;
			buildSettings = {
				ALWAYS_SEARCH_USER_PATHS = NO;
				CLANG_CXX_LANGUAGE_STANDARD = "gnu++0x";
				CLANG_CXX_LIBRARY = "libc++";
				CLANG_ENABLE_MODULES = YES;
				CLANG_ENABLE_OBJC_ARC = YES;
				CLANG_WARN_BOOL_CONVERSION = YES;
				CLANG_WARN_CONSTANT_CONVERSION = YES;
				CLANG_WARN_DIRECT_OBJC_ISA_USAGE = YES_ERROR;
				CLANG_WARN_EMPTY_BODY = YES;
				CLANG_WARN_ENUM_CONVERSION = YES;
				CLANG_WARN_INT_CONVERSION = YES;
				CLANG_WARN_OBJC_ROOT_CLASS = YES_ERROR;
				CLANG_WARN_UNREACHABLE_CODE = YES;
				CLANG_WARN__DUPLICATE_METHOD_MATCH = YES;
				"CODE_SIGN_IDENTITY[sdk=iphoneos*]" = "iPhone Developer";
				COPY_PHASE_STRIP = NO;
				DEBUG_INFORMATION_FORMAT = dwarf;
				ENABLE_STRICT_OBJC_MSGSEND = YES;
				ENABLE_TESTABILITY = YES;
				GCC_C_LANGUAGE_STANDARD = gnu99;
				GCC_DYNAMIC_NO_PIC = NO;
				GCC_NO_COMMON_BLOCKS = YES;
				GCC_OPTIMIZATION_LEVEL = 0;
				GCC_PREPROCESSOR_DEFINITIONS = (
					"DEBUG=1",
					"$(inherited)",
				);
				GCC_WARN_64_TO_32_BIT_CONVERSION = YES;
				GCC_WARN_ABOUT_RETURN_TYPE = YES_ERROR;
				GCC_WARN_UNDECLARED_SELECTOR = YES;
				GCC_WARN_UNINITIALIZED_AUTOS = YES_AGGRESSIVE;
				GCC_WARN_UNUSED_FUNCTION = YES;
				GCC_WARN_UNUSED_VARIABLE = YES;
				IPHONEOS_DEPLOYMENT_TARGET = 9.0;
				MTL_ENABLE_DEBUG_INFO = YES;
				ONLY_ACTIVE_ARCH = YES;
				SDKROOT = iphoneos;
				SWIFT_OPTIMIZATION_LEVEL = "-Onone";
			};
			name = Debug;
		};
		F20497351C48496300BF8F3D /* Release */ = {
			isa = XCBuildConfiguration;
			buildSettings = {
				ALWAYS_SEARCH_USER_PATHS = NO;
				CLANG_CXX_LANGUAGE_STANDARD = "gnu++0x";
				CLANG_CXX_LIBRARY = "libc++";
				CLANG_ENABLE_MODULES = YES;
				CLANG_ENABLE_OBJC_ARC = YES;
				CLANG_WARN_BOOL_CONVERSION = YES;
				CLANG_WARN_CONSTANT_CONVERSION = YES;
				CLANG_WARN_DIRECT_OBJC_ISA_USAGE = YES_ERROR;
				CLANG_WARN_EMPTY_BODY = YES;
				CLANG_WARN_ENUM_CONVERSION = YES;
				CLANG_WARN_INT_CONVERSION = YES;
				CLANG_WARN_OBJC_ROOT_CLASS = YES_ERROR;
				CLANG_WARN_UNREACHABLE_CODE = YES;
				CLANG_WARN__DUPLICATE_METHOD_MATCH = YES;
				"CODE_SIGN_IDENTITY[sdk=iphoneos*]" = "iPhone Developer";
				COPY_PHASE_STRIP = NO;
				DEBUG_INFORMATION_FORMAT = "dwarf-with-dsym";
				ENABLE_NS_ASSERTIONS = NO;
				ENABLE_STRICT_OBJC_MSGSEND = YES;
				GCC_C_LANGUAGE_STANDARD = gnu99;
				GCC_NO_COMMON_BLOCKS = YES;
				GCC_WARN_64_TO_32_BIT_CONVERSION = YES;
				GCC_WARN_ABOUT_RETURN_TYPE = YES_ERROR;
				GCC_WARN_UNDECLARED_SELECTOR = YES;
				GCC_WARN_UNINITIALIZED_AUTOS = YES_AGGRESSIVE;
				GCC_WARN_UNUSED_FUNCTION = YES;
				GCC_WARN_UNUSED_VARIABLE = YES;
				IPHONEOS_DEPLOYMENT_TARGET = 9.0;
				MTL_ENABLE_DEBUG_INFO = NO;
				SDKROOT = iphoneos;
				VALIDATE_PRODUCT = YES;
			};
			name = Release;
		};
		F20497371C48496300BF8F3D /* Debug */ = {
			isa = XCBuildConfiguration;
			buildSettings = {
				ALWAYS_SEARCH_USER_PATHS = YES;
				ASSETCATALOG_COMPILER_APPICON_NAME = AppIcon;
				DEBUG_INFORMATION_FORMAT = "dwarf-with-dsym";
				ENABLE_BITCODE = YES;
				FRAMEWORK_SEARCH_PATHS = (
					"$(inherited)",
					"$(PROJECT_DIR)/Bulletin",
					"$(PROJECT_DIR)/Bulletin/SDK",
					"$(PROJECT_DIR)",
				);
				HEADER_SEARCH_PATHS = "";
				INFOPLIST_FILE = Bulletin/Info.plist;
				IPHONEOS_DEPLOYMENT_TARGET = 8.0;
				LD_RUNPATH_SEARCH_PATHS = "$(inherited) @executable_path/Frameworks";
				LIBRARY_SEARCH_PATHS = "";
				OTHER_SWIFT_FLAGS = "-D DEBUG";
				PRODUCT_BUNDLE_IDENTIFIER = com.Mobitrapp.Bulletin;
				PRODUCT_NAME = "$(TARGET_NAME)";
			};
			name = Debug;
		};
		F20497381C48496300BF8F3D /* Release */ = {
			isa = XCBuildConfiguration;
			buildSettings = {
				ALWAYS_SEARCH_USER_PATHS = YES;
				ASSETCATALOG_COMPILER_APPICON_NAME = AppIcon;
				ENABLE_BITCODE = YES;
				FRAMEWORK_SEARCH_PATHS = (
					"$(inherited)",
					"$(PROJECT_DIR)/Bulletin",
					"$(PROJECT_DIR)/Bulletin/SDK",
					"$(PROJECT_DIR)",
				);
				HEADER_SEARCH_PATHS = "";
				INFOPLIST_FILE = Bulletin/Info.plist;
				IPHONEOS_DEPLOYMENT_TARGET = 8.0;
				LD_RUNPATH_SEARCH_PATHS = "$(inherited) @executable_path/Frameworks";
				LIBRARY_SEARCH_PATHS = "";
				PRODUCT_BUNDLE_IDENTIFIER = com.Mobitrapp.Bulletin;
				PRODUCT_NAME = "$(TARGET_NAME)";
			};
			name = Release;
		};
		F204973A1C48496300BF8F3D /* Debug */ = {
			isa = XCBuildConfiguration;
			buildSettings = {
				BUNDLE_LOADER = "$(TEST_HOST)";
				INFOPLIST_FILE = BulletinTests/Info.plist;
				LD_RUNPATH_SEARCH_PATHS = "$(inherited) @executable_path/Frameworks @loader_path/Frameworks";
				PRODUCT_BUNDLE_IDENTIFIER = com.Mobitrapp.BulletinTests;
				PRODUCT_NAME = "$(TARGET_NAME)";
				TEST_HOST = "$(BUILT_PRODUCTS_DIR)/Bulletin.app/Bulletin";
			};
			name = Debug;
		};
		F204973B1C48496300BF8F3D /* Release */ = {
			isa = XCBuildConfiguration;
			buildSettings = {
				BUNDLE_LOADER = "$(TEST_HOST)";
				INFOPLIST_FILE = BulletinTests/Info.plist;
				LD_RUNPATH_SEARCH_PATHS = "$(inherited) @executable_path/Frameworks @loader_path/Frameworks";
				PRODUCT_BUNDLE_IDENTIFIER = com.Mobitrapp.BulletinTests;
				PRODUCT_NAME = "$(TARGET_NAME)";
				TEST_HOST = "$(BUILT_PRODUCTS_DIR)/Bulletin.app/Bulletin";
			};
			name = Release;
		};
		F204973D1C48496300BF8F3D /* Debug */ = {
			isa = XCBuildConfiguration;
			buildSettings = {
				INFOPLIST_FILE = BulletinUITests/Info.plist;
				LD_RUNPATH_SEARCH_PATHS = "$(inherited) @executable_path/Frameworks @loader_path/Frameworks";
				PRODUCT_BUNDLE_IDENTIFIER = com.Mobitrapp.BulletinUITests;
				PRODUCT_NAME = "$(TARGET_NAME)";
				TEST_TARGET_NAME = Bulletin;
				USES_XCTRUNNER = YES;
			};
			name = Debug;
		};
		F204973E1C48496300BF8F3D /* Release */ = {
			isa = XCBuildConfiguration;
			buildSettings = {
				INFOPLIST_FILE = BulletinUITests/Info.plist;
				LD_RUNPATH_SEARCH_PATHS = "$(inherited) @executable_path/Frameworks @loader_path/Frameworks";
				PRODUCT_BUNDLE_IDENTIFIER = com.Mobitrapp.BulletinUITests;
				PRODUCT_NAME = "$(TARGET_NAME)";
				TEST_TARGET_NAME = Bulletin;
				USES_XCTRUNNER = YES;
			};
			name = Release;
		};
/* End XCBuildConfiguration section */

/* Begin XCConfigurationList section */
		F20497091C48496200BF8F3D /* Build configuration list for PBXProject "Bulletin" */ = {
			isa = XCConfigurationList;
			buildConfigurations = (
				F20497341C48496300BF8F3D /* Debug */,
				F20497351C48496300BF8F3D /* Release */,
			);
			defaultConfigurationIsVisible = 0;
			defaultConfigurationName = Release;
		};
		F20497361C48496300BF8F3D /* Build configuration list for PBXNativeTarget "Bulletin" */ = {
			isa = XCConfigurationList;
			buildConfigurations = (
				F20497371C48496300BF8F3D /* Debug */,
				F20497381C48496300BF8F3D /* Release */,
			);
			defaultConfigurationIsVisible = 0;
			defaultConfigurationName = Release;
		};
		F20497391C48496300BF8F3D /* Build configuration list for PBXNativeTarget "BulletinTests" */ = {
			isa = XCConfigurationList;
			buildConfigurations = (
				F204973A1C48496300BF8F3D /* Debug */,
				F204973B1C48496300BF8F3D /* Release */,
			);
			defaultConfigurationIsVisible = 0;
			defaultConfigurationName = Release;
		};
		F204973C1C48496300BF8F3D /* Build configuration list for PBXNativeTarget "BulletinUITests" */ = {
			isa = XCConfigurationList;
			buildConfigurations = (
				F204973D1C48496300BF8F3D /* Debug */,
				F204973E1C48496300BF8F3D /* Release */,
			);
			defaultConfigurationIsVisible = 0;
			defaultConfigurationName = Release;
		};
/* End XCConfigurationList section */
	};
	rootObject = F20497061C48496200BF8F3D /* Project object */;
}
